{
  "version": 4,
  "terraform_version": "1.8.0",
  "serial": 30,
  "lineage": "0a314d93-1822-2439-cbf6-c36558227dd1",
  "outputs": {
    "external_ip_address_airflow": {
      "value": "158.160.61.228",
      "type": "string"
    },
    "internal_ip_address_airflow": {
      "value": "10.128.0.27",
      "type": "string"
    }
  },
  "resources": [
    {
      "mode": "managed",
      "type": "local_file",
      "name": "hosts_cfg",
      "provider": "provider[\"registry.terraform.io/hashicorp/local\"]",
      "instances": [
        {
          "schema_version": 0,
          "attributes": {
            "content": "[airflow]\n158.160.61.228\n",
            "content_base64": null,
            "content_base64sha256": "zCvC6N4dfQWf/g59QJRbGd5m85/dZerwPGZDQLLPaPk=",
            "content_base64sha512": "Zcawz0zctRKRn6b0gcL31/OEPY8yA3gQTsraAQbklKY/0Bbt2G4R40KtwLH9HRUkA1M3sG37Qt/E3Op1T5Hqig==",
            "content_md5": "508d6df958239e0f220e08d4a9a108a2",
            "content_sha1": "2525e94376e4ca65f866447f08dd30bdfc10d256",
            "content_sha256": "cc2bc2e8de1d7d059ffe0e7d40945b19de66f39fdd65eaf03c664340b2cf68f9",
            "content_sha512": "65c6b0cf4cdcb512919fa6f481c2f7d7f3843d8f320378104ecada0106e494a63fd016edd86e11e342adc0b1fd1d1524035337b06dfb42dfc4dcea754f91ea8a",
            "directory_permission": "0777",
            "file_permission": "0777",
            "filename": "../ansible/inventory/airflow_hosts.cfg",
            "id": "2525e94376e4ca65f866447f08dd30bdfc10d256",
            "sensitive_content": null,
            "source": null
          },
          "sensitive_attributes": [
            [
              {
                "type": "get_attr",
                "value": "sensitive_content"
              }
            ]
          ],
          "dependencies": [
            "yandex_compute_disk.boot-disk-airflow",
            "yandex_compute_instance.airflow"
          ]
        }
      ]
    },
    {
      "mode": "managed",
      "type": "yandex_compute_disk",
      "name": "boot-disk-airflow",
      "provider": "provider[\"registry.terraform.io/yandex-cloud/yandex\"]",
      "instances": [
        {
          "schema_version": 0,
          "attributes": {
            "allow_recreate": null,
            "block_size": 4096,
            "created_at": "2024-03-01T19:00:39Z",
            "description": "",
            "disk_placement_policy": [
              {
                "disk_placement_group_id": ""
              }
            ],
            "folder_id": "b1gob40s11qs9fivife8",
            "id": "fhmsavajr1i52fdepeol",
            "image_id": "fd83s8u085j3mq231ago",
            "labels": null,
            "name": "boot-disk-airflow",
            "product_ids": [
              "f2eth1eavhqoh47mqj08"
            ],
            "size": 60,
            "snapshot_id": "",
            "status": "ready",
            "timeouts": null,
            "type": "network-ssd",
            "zone": "ru-central1-a"
          },
          "sensitive_attributes": [],
          "private": "eyJlMmJmYjczMC1lY2FhLTExZTYtOGY4OC0zNDM2M2JjN2M0YzAiOnsiY3JlYXRlIjozMDAwMDAwMDAwMDAsImRlbGV0ZSI6MzAwMDAwMDAwMDAwLCJ1cGRhdGUiOjMwMDAwMDAwMDAwMH19"
        }
      ]
    },
    {
      "mode": "managed",
      "type": "yandex_compute_instance",
      "name": "airflow",
      "provider": "provider[\"registry.terraform.io/yandex-cloud/yandex\"]",
      "instances": [
        {
          "schema_version": 1,
          "attributes": {
            "allow_recreate": null,
            "allow_stopping_for_update": null,
            "boot_disk": [
              {
                "auto_delete": true,
                "device_name": "fhmsavajr1i52fdepeol",
                "disk_id": "fhmsavajr1i52fdepeol",
                "initialize_params": [
                  {
                    "block_size": 4096,
                    "description": "",
                    "image_id": "fd83s8u085j3mq231ago",
                    "name": "boot-disk-airflow",
                    "size": 60,
                    "snapshot_id": "",
                    "type": "network-ssd"
                  }
                ],
                "mode": "READ_WRITE"
              }
            ],
            "created_at": "2024-03-01T19:00:48Z",
            "description": "",
            "filesystem": [],
            "folder_id": "b1gob40s11qs9fivife8",
            "fqdn": "fhmcd0iitb031199gkg6.auto.internal",
            "gpu_cluster_id": "",
            "hostname": "",
            "id": "fhmcd0iitb031199gkg6",
            "labels": null,
            "local_disk": [],
            "maintenance_grace_period": "",
            "maintenance_policy": null,
            "metadata": {
              "user-data": "#cloud-config\nusers:\n  - name: airflow\n    groups: sudo\n    shell: /bin/bash\n    sudo: 'ALL=(ALL) NOPASSWD:ALL'\n    ssh-authorized-keys:\n      - ssh-ed25519 AAAAC3NzaC1lZDI1NTE5AAAAIDd+B154/X42HOPaGMscYM/vnEujm8UexK+t42/AhkgJ ox\\ox@ox"
            },
            "metadata_options": [
              {
                "aws_v1_http_endpoint": 1,
                "aws_v1_http_token": 2,
                "gce_http_endpoint": 1,
                "gce_http_token": 1
              }
            ],
            "name": "airflow",
            "network_acceleration_type": "standard",
            "network_interface": [
              {
                "dns_record": [],
                "index": 0,
                "ip_address": "10.128.0.27",
                "ipv4": true,
                "ipv6": false,
                "ipv6_address": "",
                "ipv6_dns_record": [],
                "mac_address": "d0:0d:c6:82:52:ea",
                "nat": true,
                "nat_dns_record": [],
                "nat_ip_address": "158.160.61.228",
                "nat_ip_version": "IPV4",
                "security_group_ids": [],
                "subnet_id": "e9bbjfj1bl3choicj6fh"
              }
            ],
            "placement_policy": [
              {
                "host_affinity_rules": [],
                "placement_group_id": "",
                "placement_group_partition": 0
              }
            ],
            "platform_id": "standard-v1",
            "resources": [
              {
                "core_fraction": 100,
                "cores": 6,
                "gpus": 0,
                "memory": 12
              }
            ],
            "scheduling_policy": [
              {
                "preemptible": false
              }
            ],
            "secondary_disk": [],
            "service_account_id": "",
            "status": "running",
            "timeouts": null,
            "zone": "ru-central1-a"
          },
          "sensitive_attributes": [],
          "private": "eyJlMmJmYjczMC1lY2FhLTExZTYtOGY4OC0zNDM2M2JjN2M0YzAiOnsiY3JlYXRlIjozMDAwMDAwMDAwMDAsImRlbGV0ZSI6MzAwMDAwMDAwMDAwLCJ1cGRhdGUiOjMwMDAwMDAwMDAwMH0sInNjaGVtYV92ZXJzaW9uIjoiMSJ9",
          "dependencies": [
            "yandex_compute_disk.boot-disk-airflow"
          ]
        }
      ]
    },
    {
      "module": "module.kube",
      "mode": "data",
      "type": "yandex_client_config",
      "name": "client",
      "provider": "provider[\"registry.terraform.io/yandex-cloud/yandex\"]",
      "instances": [
        {
          "schema_version": 0,
          "attributes": {
            "cloud_id": "b1g96ctfvketflpqes0u",
            "folder_id": "b1gob40s11qs9fivife8",
            "iam_token": "t1.9euelZrKzZ6NmJiRisbNnMyYk8uaiu3rnpWaipuXnZDGiZuMj5KPjM6Xlo_l9PdQK3hQ-e8uegDr3fT3EFp1UPnvLnoA683n9euelZqYyM_Jm5eKi8bKx5OXmc-Jlu_8zef1656Vms2Nx8-Zx5SPjoqOyZrLjI2e7_3F656VmpjIz8mbl4qLxsrHk5eZz4mW.07s3-no4WoJeEkK6P7zGBDjoOMYuZLzepaw1hK5MONypDc584tnZo7JYWE_uUx1ybG5z3Chpe6lIKip-fOx1Cw",
            "id": "849764473",
            "zone": "ru-central1-a"
          },
          "sensitive_attributes": []
        }
      ]
    },
    {
      "module": "module.kube",
      "mode": "managed",
      "type": "random_string",
      "name": "unique_id",
      "provider": "provider[\"registry.terraform.io/hashicorp/random\"]",
      "instances": [
        {
          "schema_version": 2,
          "attributes": {
            "id": "0h3uvp3w",
            "keepers": null,
            "length": 8,
            "lower": true,
            "min_lower": 0,
            "min_numeric": 0,
            "min_special": 0,
            "min_upper": 0,
            "number": true,
            "numeric": true,
            "override_special": null,
            "result": "0h3uvp3w",
            "special": false,
            "upper": false
          },
          "sensitive_attributes": []
        }
      ]
    },
    {
      "module": "module.kube",
      "mode": "managed",
      "type": "time_sleep",
      "name": "wait_for_iam",
      "provider": "provider[\"registry.terraform.io/hashicorp/time\"]",
      "instances": [
        {
          "schema_version": 0,
          "attributes": {
            "create_duration": "5s",
            "destroy_duration": null,
            "id": "2024-03-01T15:12:38Z",
            "triggers": null
          },
          "sensitive_attributes": [],
          "dependencies": [
            "module.kube.data.yandex_client_config.client",
            "module.kube.random_string.unique_id",
            "module.kube.yandex_iam_service_account.master",
            "module.kube.yandex_iam_service_account.node_account",
            "module.kube.yandex_resourcemanager_folder_iam_member.node_account",
            "module.kube.yandex_resourcemanager_folder_iam_member.sa_calico_network_policy_role",
            "module.kube.yandex_resourcemanager_folder_iam_member.sa_cilium_network_policy_role",
            "module.kube.yandex_resourcemanager_folder_iam_member.sa_logging_writer_role",
            "module.kube.yandex_resourcemanager_folder_iam_member.sa_node_group_loadbalancer_role_admin",
            "module.kube.yandex_resourcemanager_folder_iam_member.sa_node_group_public_role_admin",
            "module.kube.yandex_resourcemanager_folder_iam_member.sa_public_loadbalancers_role"
          ]
        }
      ]
    },
    {
      "module": "module.kube",
      "mode": "managed",
      "type": "yandex_iam_service_account",
      "name": "master",
      "provider": "provider[\"registry.terraform.io/yandex-cloud/yandex\"]",
      "instances": [
        {
          "index_key": 0,
          "schema_version": 0,
          "attributes": {
            "created_at": "2024-03-01T15:12:23Z",
            "description": "",
            "folder_id": "b1gob40s11qs9fivife8",
            "id": "ajek97glq1epi94hstq6",
            "name": "k8s-service-account-0h3uvp3w",
            "timeouts": null
          },
          "sensitive_attributes": [],
          "private": "eyJlMmJmYjczMC1lY2FhLTExZTYtOGY4OC0zNDM2M2JjN2M0YzAiOnsiY3JlYXRlIjo2MDAwMDAwMDAwMCwiZGVsZXRlIjo2MDAwMDAwMDAwMCwidXBkYXRlIjo2MDAwMDAwMDAwMH19",
          "dependencies": [
            "module.kube.data.yandex_client_config.client",
            "module.kube.random_string.unique_id"
          ]
        }
      ]
    },
    {
      "module": "module.kube",
      "mode": "managed",
      "type": "yandex_iam_service_account",
      "name": "node_account",
      "provider": "provider[\"registry.terraform.io/yandex-cloud/yandex\"]",
      "instances": [
        {
          "index_key": 0,
          "schema_version": 0,
          "attributes": {
            "created_at": "2024-03-01T15:12:21Z",
            "description": "",
            "folder_id": "b1gob40s11qs9fivife8",
            "id": "aje376q5lufsa4qo19jd",
            "name": "k8s-node-account-0h3uvp3w",
            "timeouts": null
          },
          "sensitive_attributes": [],
          "private": "eyJlMmJmYjczMC1lY2FhLTExZTYtOGY4OC0zNDM2M2JjN2M0YzAiOnsiY3JlYXRlIjo2MDAwMDAwMDAwMCwiZGVsZXRlIjo2MDAwMDAwMDAwMCwidXBkYXRlIjo2MDAwMDAwMDAwMH19",
          "dependencies": [
            "module.kube.data.yandex_client_config.client",
            "module.kube.random_string.unique_id"
          ]
        }
      ]
    },
    {
      "module": "module.kube",
      "mode": "managed",
      "type": "yandex_kms_symmetric_key",
      "name": "kms_key",
      "provider": "provider[\"registry.terraform.io/yandex-cloud/yandex\"]",
      "instances": [
        {
          "index_key": 0,
          "schema_version": 1,
          "attributes": {
            "created_at": "2024-03-01T15:12:21Z",
            "default_algorithm": "AES_256",
            "deletion_protection": false,
            "description": "K8S KMS symetric key",
            "folder_id": "b1gob40s11qs9fivife8",
            "id": "abjmuo48bb861ehig1bj",
            "labels": {},
            "name": "k8s-kms-key-0h3uvp3w",
            "rotated_at": "",
            "rotation_period": "8760h0m0s",
            "status": "active",
            "timeouts": null
          },
          "sensitive_attributes": [],
          "private": "eyJlMmJmYjczMC1lY2FhLTExZTYtOGY4OC0zNDM2M2JjN2M0YzAiOnsiY3JlYXRlIjo2MDAwMDAwMDAwMCwiZGVsZXRlIjo2MDAwMDAwMDAwMCwicmVhZCI6NjAwMDAwMDAwMDAsInVwZGF0ZSI6NjAwMDAwMDAwMDB9LCJzY2hlbWFfdmVyc2lvbiI6IjEifQ==",
          "dependencies": [
            "module.kube.data.yandex_client_config.client",
            "module.kube.random_string.unique_id"
          ]
        }
      ]
    },
    {
      "module": "module.kube",
      "mode": "managed",
      "type": "yandex_kms_symmetric_key_iam_binding",
      "name": "encrypter_decrypter",
      "provider": "provider[\"registry.terraform.io/yandex-cloud/yandex\"]",
      "instances": [
        {
          "index_key": 0,
          "schema_version": 0,
          "attributes": {
            "id": "abjmuo48bb861ehig1bj/kms.keys.encrypterDecrypter",
            "members": [
              "serviceAccount:ajek97glq1epi94hstq6"
            ],
            "role": "kms.keys.encrypterDecrypter",
            "sleep_after": null,
            "symmetric_key_id": "abjmuo48bb861ehig1bj",
            "timeouts": null
          },
          "sensitive_attributes": [],
          "private": "eyJlMmJmYjczMC1lY2FhLTExZTYtOGY4OC0zNDM2M2JjN2M0YzAiOnsiY3JlYXRlIjo2MDAwMDAwMDAwMCwiZGVmYXVsdCI6NjAwMDAwMDAwMDAsImRlbGV0ZSI6NjAwMDAwMDAwMDAsInJlYWQiOjYwMDAwMDAwMDAwLCJ1cGRhdGUiOjYwMDAwMDAwMDAwfX0=",
          "dependencies": [
            "module.kube.data.yandex_client_config.client",
            "module.kube.random_string.unique_id",
            "module.kube.yandex_iam_service_account.master",
            "module.kube.yandex_kms_symmetric_key.kms_key"
          ]
        }
      ]
    },
    {
      "module": "module.kube",
      "mode": "managed",
      "type": "yandex_kubernetes_cluster",
      "name": "kube_cluster",
      "provider": "provider[\"registry.terraform.io/yandex-cloud/yandex\"]",
      "instances": [
        {
          "schema_version": 0,
          "attributes": {
            "cluster_ipv4_range": "172.17.0.0/16",
            "cluster_ipv6_range": "",
            "created_at": "2024-03-01T15:12:39Z",
            "description": "Yandex Managed K8S cluster",
            "folder_id": "b1gob40s11qs9fivife8",
            "health": "healthy",
            "id": "catkeldeih3u5jr9gu85",
            "kms_provider": [
              {
                "key_id": "abjmuo48bb861ehig1bj"
              }
            ],
            "labels": {},
            "log_group_id": "",
            "master": [
              {
                "cluster_ca_certificate": "-----BEGIN CERTIFICATE-----\nMIIC5zCCAc+gAwIBAgIBADANBgkqhkiG9w0BAQsFADAVMRMwEQYDVQQDEwprdWJl\ncm5ldGVzMB4XDTI0MDMwMTE1MTI0MVoXDTM0MDIyNzE1MTI0MVowFTETMBEGA1UE\nAxMKa3ViZXJuZXRlczCCASIwDQYJKoZIhvcNAQEBBQADggEPADCCAQoCggEBAMsp\nqUQO9d3MRMXmC9TPFO4T3EV+3QJWbGSM3G95VeXWC/ixvZ8HkUurbdfCDzxbPRnu\nMvQGaKRmb0602DfGiofkIE+4n2xTKq82zRX3YNCbfUmaA3S3L3QLdTRn9FYYCG4O\nNcqdGJ2yn5JxtcK2Yy5BdLWna6FLQcrKnVlJnc1FJaHaFJq1hjnQSimgbijudtgz\nORmx6q6gFJJ41j+He4uyP52PcMOq+KJp4PHPcO+yc5e5GhF7Vd5Y3WEFFumGSf2J\nXlOoXDek7JehMbariZv0Gl2qHOZAbMD3WHnnT/w9kbqnifYLtW516CS6bnRjTTjN\np+zjVWNqrFTJ6KHaM0cCAwEAAaNCMEAwDgYDVR0PAQH/BAQDAgKkMA8GA1UdEwEB\n/wQFMAMBAf8wHQYDVR0OBBYEFJ/3sQTgKARMntpbijT5FxQrI6meMA0GCSqGSIb3\nDQEBCwUAA4IBAQAzEyjQbxTmlRAgr0/qP4NqbLhJbSAfAK/TSmWEFgV0AVK4wd2M\nxkh29HTdfc7CAB9UQML0SfqxH+y9U/kuoIdUl3qFIbD/w5XSHmsIr7pToUlQa009\ndz28B2hCHbnBITPH/1dDqRCiGToLhmW7LKiCrPTCkblSP5lPEWUK5lj+MKvM3xQa\nI5hAXhp6rblvMJdmdGAu5RPesM58+7C+hLU73mU2zsnKfZXL4b/5BABuQ4zxW1ZJ\nQCYxXAj2ud+TN0rj9RM5n/vq9L3UwtjuSTV04hTrM5ktj4ngR4Prc9ZWdOCNdtmu\nF074ehp26amYJBB6hwvynvGTqW7S1+uU/H+f\n-----END CERTIFICATE-----\n",
                "etcd_cluster_size": 3,
                "external_v4_address": "158.160.141.64",
                "external_v4_endpoint": "https://158.160.141.64",
                "external_v6_address": "",
                "external_v6_endpoint": "",
                "internal_v4_address": "10.128.0.14",
                "internal_v4_endpoint": "https://10.128.0.14",
                "maintenance_policy": [
                  {
                    "auto_upgrade": true,
                    "maintenance_window": [
                      {
                        "day": "monday",
                        "duration": "3h0m0s",
                        "start_time": "23:00:00.000000000"
                      }
                    ]
                  }
                ],
                "master_location": [
                  {
                    "subnet_id": "e9bbjfj1bl3choicj6fh",
                    "zone": "ru-central1-a"
                  },
                  {
                    "subnet_id": "e2l7sl7mdpedcilftljr",
                    "zone": "ru-central1-b"
                  },
                  {
                    "subnet_id": "fl8g90as6093dftqdm98",
                    "zone": "ru-central1-d"
                  }
                ],
                "master_logging": [
                  {
                    "audit_enabled": false,
                    "cluster_autoscaler_enabled": true,
                    "enabled": true,
                    "events_enabled": true,
                    "folder_id": "b1gob40s11qs9fivife8",
                    "kube_apiserver_enabled": true,
                    "log_group_id": ""
                  }
                ],
                "public_ip": true,
                "regional": [
                  {
                    "location": [],
                    "region": "ru-central1"
                  }
                ],
                "security_group_ids": [
                  "enps75t0qeiludnuflib",
                  "enpvjna3rhn28m2u0pi2"
                ],
                "version": "1.26",
                "version_info": [
                  {
                    "current_version": "1.26",
                    "new_revision_available": false,
                    "new_revision_summary": "",
                    "version_deprecated": false
                  }
                ],
                "zonal": []
              }
            ],
            "name": "k8s-cluster-0h3uvp3w",
            "network_id": "enpc088i7mdlm4ocijh6",
            "network_implementation": [],
            "network_policy_provider": "CALICO",
            "node_ipv4_cidr_mask_size": 24,
            "node_service_account_id": "aje376q5lufsa4qo19jd",
            "release_channel": "REGULAR",
            "service_account_id": "ajek97glq1epi94hstq6",
            "service_ipv4_range": "172.18.0.0/16",
            "service_ipv6_range": "",
            "status": "running",
            "timeouts": {
              "create": "60m",
              "delete": "60m",
              "read": null,
              "update": "60m"
            }
          },
          "sensitive_attributes": [],
          "private": "eyJlMmJmYjczMC1lY2FhLTExZTYtOGY4OC0zNDM2M2JjN2M0YzAiOnsiY3JlYXRlIjozNjAwMDAwMDAwMDAwLCJkZWxldGUiOjM2MDAwMDAwMDAwMDAsInJlYWQiOjMwMDAwMDAwMDAwMCwidXBkYXRlIjozNjAwMDAwMDAwMDAwfX0=",
          "dependencies": [
            "module.kube.data.yandex_client_config.client",
            "module.kube.random_string.unique_id",
            "module.kube.time_sleep.wait_for_iam",
            "module.kube.yandex_iam_service_account.master",
            "module.kube.yandex_iam_service_account.node_account",
            "module.kube.yandex_kms_symmetric_key.kms_key",
            "module.kube.yandex_resourcemanager_folder_iam_member.node_account",
            "module.kube.yandex_resourcemanager_folder_iam_member.sa_calico_network_policy_role",
            "module.kube.yandex_resourcemanager_folder_iam_member.sa_cilium_network_policy_role",
            "module.kube.yandex_resourcemanager_folder_iam_member.sa_logging_writer_role",
            "module.kube.yandex_resourcemanager_folder_iam_member.sa_node_group_loadbalancer_role_admin",
            "module.kube.yandex_resourcemanager_folder_iam_member.sa_node_group_public_role_admin",
            "module.kube.yandex_resourcemanager_folder_iam_member.sa_public_loadbalancers_role",
            "module.kube.yandex_vpc_security_group.k8s_main_sg",
            "module.kube.yandex_vpc_security_group.k8s_master_whitelist_sg"
          ]
        }
      ]
    },
    {
      "module": "module.kube",
      "mode": "managed",
      "type": "yandex_kubernetes_node_group",
      "name": "kube_node_groups",
      "provider": "provider[\"registry.terraform.io/yandex-cloud/yandex\"]",
      "instances": [
        {
          "index_key": "yc-k8s-ng-01",
          "schema_version": 0,
          "attributes": {
            "allocation_policy": [
              {
                "location": [
                  {
                    "subnet_id": "e9bbjfj1bl3choicj6fh",
                    "zone": "ru-central1-a"
                  },
                  {
                    "subnet_id": "e2l7sl7mdpedcilftljr",
                    "zone": "ru-central1-b"
                  },
                  {
                    "subnet_id": "fl8g90as6093dftqdm98",
                    "zone": "ru-central1-d"
                  }
                ]
              }
            ],
            "allowed_unsafe_sysctls": [],
            "cluster_id": "catkeldeih3u5jr9gu85",
            "created_at": "2024-03-01T15:18:15Z",
            "deploy_policy": [
              {
                "max_expansion": 3,
                "max_unavailable": 0
              }
            ],
            "description": "Kubernetes nodes group 01",
            "id": "catd96uemagd7bk8su43",
            "instance_group_id": "cl13pdtonjgam3gkovjc",
            "instance_template": [
              {
                "boot_disk": [
                  {
                    "size": 32,
                    "type": "network-ssd"
                  }
                ],
                "container_network": [
                  {
                    "pod_mtu": 0
                  }
                ],
                "container_runtime": [
                  {
                    "type": "containerd"
                  }
                ],
                "gpu_settings": [],
                "labels": {},
                "metadata": {},
                "name": "",
                "nat": false,
                "network_acceleration_type": "standard",
                "network_interface": [
                  {
                    "ipv4": true,
                    "ipv4_dns_records": [],
                    "ipv6": false,
                    "ipv6_dns_records": [],
                    "nat": false,
                    "security_group_ids": [
                      "enp1lsd0nibu62kfra69",
                      "enpvjna3rhn28m2u0pi2"
                    ],
                    "subnet_ids": [
                      "e2l7sl7mdpedcilftljr",
                      "e9bbjfj1bl3choicj6fh",
                      "fl8g90as6093dftqdm98"
                    ]
                  }
                ],
                "placement_policy": [],
                "platform_id": "standard-v3",
                "resources": [
                  {
                    "core_fraction": 100,
                    "cores": 4,
                    "gpus": 0,
                    "memory": 8
                  }
                ],
                "scheduling_policy": [
                  {
                    "preemptible": false
                  }
                ]
              }
            ],
            "labels": {},
            "maintenance_policy": [
              {
                "auto_repair": true,
                "auto_upgrade": true,
                "maintenance_window": [
                  {
                    "day": "monday",
                    "duration": "3h0m0s",
                    "start_time": "23:00:00.000000000"
                  }
                ]
              }
            ],
            "name": "yc-k8s-ng-01",
            "node_labels": {
              "environment": "testing",
              "role": "worker-01"
            },
            "node_taints": [],
            "scale_policy": [
              {
                "auto_scale": [],
                "fixed_scale": [
                  {
                    "size": 3
                  }
                ]
              }
            ],
            "status": "running",
            "timeouts": null,
            "version": "1.26",
            "version_info": [
              {
                "current_version": "1.26",
                "new_revision_available": false,
                "new_revision_summary": "",
                "version_deprecated": false
              }
            ]
          },
          "sensitive_attributes": [],
          "private": "eyJlMmJmYjczMC1lY2FhLTExZTYtOGY4OC0zNDM2M2JjN2M0YzAiOnsiY3JlYXRlIjozNjAwMDAwMDAwMDAwLCJkZWxldGUiOjEyMDAwMDAwMDAwMDAsInJlYWQiOjYwMDAwMDAwMDAwMCwidXBkYXRlIjozNjAwMDAwMDAwMDAwfX0=",
          "dependencies": [
            "module.kube.data.yandex_client_config.client",
            "module.kube.random_string.unique_id",
            "module.kube.time_sleep.wait_for_iam",
            "module.kube.yandex_iam_service_account.master",
            "module.kube.yandex_iam_service_account.node_account",
            "module.kube.yandex_kms_symmetric_key.kms_key",
            "module.kube.yandex_kubernetes_cluster.kube_cluster",
            "module.kube.yandex_resourcemanager_folder_iam_member.node_account",
            "module.kube.yandex_resourcemanager_folder_iam_member.sa_calico_network_policy_role",
            "module.kube.yandex_resourcemanager_folder_iam_member.sa_cilium_network_policy_role",
            "module.kube.yandex_resourcemanager_folder_iam_member.sa_logging_writer_role",
            "module.kube.yandex_resourcemanager_folder_iam_member.sa_node_group_loadbalancer_role_admin",
            "module.kube.yandex_resourcemanager_folder_iam_member.sa_node_group_public_role_admin",
            "module.kube.yandex_resourcemanager_folder_iam_member.sa_public_loadbalancers_role",
            "module.kube.yandex_vpc_security_group.k8s_main_sg",
            "module.kube.yandex_vpc_security_group.k8s_master_whitelist_sg",
            "module.kube.yandex_vpc_security_group.k8s_nodes"
          ]
        }
      ]
    },
    {
      "module": "module.kube",
      "mode": "managed",
      "type": "yandex_resourcemanager_folder_iam_member",
      "name": "node_account",
      "provider": "provider[\"registry.terraform.io/yandex-cloud/yandex\"]",
      "instances": [
        {
          "index_key": 0,
          "schema_version": 0,
          "attributes": {
            "folder_id": "b1gob40s11qs9fivife8",
            "id": "b1gob40s11qs9fivife8/container-registry.images.puller/serviceAccount:aje376q5lufsa4qo19jd",
            "member": "serviceAccount:aje376q5lufsa4qo19jd",
            "role": "container-registry.images.puller",
            "sleep_after": null,
            "timeouts": null
          },
          "sensitive_attributes": [],
          "private": "eyJlMmJmYjczMC1lY2FhLTExZTYtOGY4OC0zNDM2M2JjN2M0YzAiOnsiY3JlYXRlIjo2MDAwMDAwMDAwMCwiZGVmYXVsdCI6NjAwMDAwMDAwMDAsImRlbGV0ZSI6NjAwMDAwMDAwMDAsInJlYWQiOjYwMDAwMDAwMDAwLCJ1cGRhdGUiOjYwMDAwMDAwMDAwfX0=",
          "dependencies": [
            "module.kube.data.yandex_client_config.client",
            "module.kube.random_string.unique_id",
            "module.kube.yandex_iam_service_account.node_account"
          ]
        }
      ]
    },
    {
      "module": "module.kube",
      "mode": "managed",
      "type": "yandex_resourcemanager_folder_iam_member",
      "name": "sa_calico_network_policy_role",
      "provider": "provider[\"registry.terraform.io/yandex-cloud/yandex\"]",
      "instances": [
        {
          "index_key": 0,
          "schema_version": 0,
          "attributes": {
            "folder_id": "b1gob40s11qs9fivife8",
            "id": "b1gob40s11qs9fivife8/k8s.clusters.agent/serviceAccount:ajek97glq1epi94hstq6",
            "member": "serviceAccount:ajek97glq1epi94hstq6",
            "role": "k8s.clusters.agent",
            "sleep_after": null,
            "timeouts": null
          },
          "sensitive_attributes": [],
          "private": "eyJlMmJmYjczMC1lY2FhLTExZTYtOGY4OC0zNDM2M2JjN2M0YzAiOnsiY3JlYXRlIjo2MDAwMDAwMDAwMCwiZGVmYXVsdCI6NjAwMDAwMDAwMDAsImRlbGV0ZSI6NjAwMDAwMDAwMDAsInJlYWQiOjYwMDAwMDAwMDAwLCJ1cGRhdGUiOjYwMDAwMDAwMDAwfX0=",
          "dependencies": [
            "module.kube.data.yandex_client_config.client",
            "module.kube.random_string.unique_id",
            "module.kube.yandex_iam_service_account.master"
          ]
        }
      ]
    },
    {
      "module": "module.kube",
      "mode": "managed",
      "type": "yandex_resourcemanager_folder_iam_member",
      "name": "sa_logging_writer_role",
      "provider": "provider[\"registry.terraform.io/yandex-cloud/yandex\"]",
      "instances": [
        {
          "index_key": 0,
          "schema_version": 0,
          "attributes": {
            "folder_id": "b1gob40s11qs9fivife8",
            "id": "b1gob40s11qs9fivife8/logging.writer/serviceAccount:ajek97glq1epi94hstq6",
            "member": "serviceAccount:ajek97glq1epi94hstq6",
            "role": "logging.writer",
            "sleep_after": null,
            "timeouts": null
          },
          "sensitive_attributes": [],
          "private": "eyJlMmJmYjczMC1lY2FhLTExZTYtOGY4OC0zNDM2M2JjN2M0YzAiOnsiY3JlYXRlIjo2MDAwMDAwMDAwMCwiZGVmYXVsdCI6NjAwMDAwMDAwMDAsImRlbGV0ZSI6NjAwMDAwMDAwMDAsInJlYWQiOjYwMDAwMDAwMDAwLCJ1cGRhdGUiOjYwMDAwMDAwMDAwfX0=",
          "dependencies": [
            "module.kube.data.yandex_client_config.client",
            "module.kube.random_string.unique_id",
            "module.kube.yandex_iam_service_account.master"
          ]
        }
      ]
    },
    {
      "module": "module.kube",
      "mode": "managed",
      "type": "yandex_resourcemanager_folder_iam_member",
      "name": "sa_public_loadbalancers_role",
      "provider": "provider[\"registry.terraform.io/yandex-cloud/yandex\"]",
      "instances": [
        {
          "index_key": 0,
          "schema_version": 0,
          "attributes": {
            "folder_id": "b1gob40s11qs9fivife8",
            "id": "b1gob40s11qs9fivife8/load-balancer.admin/serviceAccount:ajek97glq1epi94hstq6",
            "member": "serviceAccount:ajek97glq1epi94hstq6",
            "role": "load-balancer.admin",
            "sleep_after": null,
            "timeouts": null
          },
          "sensitive_attributes": [],
          "private": "eyJlMmJmYjczMC1lY2FhLTExZTYtOGY4OC0zNDM2M2JjN2M0YzAiOnsiY3JlYXRlIjo2MDAwMDAwMDAwMCwiZGVmYXVsdCI6NjAwMDAwMDAwMDAsImRlbGV0ZSI6NjAwMDAwMDAwMDAsInJlYWQiOjYwMDAwMDAwMDAwLCJ1cGRhdGUiOjYwMDAwMDAwMDAwfX0=",
          "dependencies": [
            "module.kube.data.yandex_client_config.client",
            "module.kube.random_string.unique_id",
            "module.kube.yandex_iam_service_account.master"
          ]
        }
      ]
    },
    {
      "module": "module.kube",
      "mode": "managed",
      "type": "yandex_vpc_security_group",
      "name": "k8s_main_sg",
      "provider": "provider[\"registry.terraform.io/yandex-cloud/yandex\"]",
      "instances": [
        {
          "index_key": 0,
          "schema_version": 0,
          "attributes": {
            "created_at": "2024-03-01T15:12:23Z",
            "description": "K8S security group",
            "egress": [],
            "folder_id": "b1gob40s11qs9fivife8",
            "id": "enpvjna3rhn28m2u0pi2",
            "ingress": [
              {
                "description": "Rule allows availability checks from load balancer's address range. It is required for the operation of a fault-tolerant cluster and load balancer services.",
                "from_port": 0,
                "id": "enputbijdtosi39dg5oa",
                "labels": {},
                "port": -1,
                "predefined_target": "loadbalancer_healthchecks",
                "protocol": "TCP",
                "security_group_id": "",
                "to_port": 65535,
                "v4_cidr_blocks": [],
                "v6_cidr_blocks": []
              },
              {
                "description": "Rule allows debugging ICMP packets from internal subnets.",
                "from_port": -1,
                "id": "enpotj8div2ete4jj176",
                "labels": {},
                "port": -1,
                "predefined_target": "",
                "protocol": "ICMP",
                "security_group_id": "",
                "to_port": -1,
                "v4_cidr_blocks": [
                  "10.0.0.0/8",
                  "172.16.0.0/12",
                  "192.168.0.0/16"
                ],
                "v6_cidr_blocks": []
              },
              {
                "description": "Rule allows master-node and node-node communication inside a security group.",
                "from_port": 0,
                "id": "enpd2efofokjuc8uoa2s",
                "labels": {},
                "port": -1,
                "predefined_target": "self_security_group",
                "protocol": "ANY",
                "security_group_id": "",
                "to_port": 65535,
                "v4_cidr_blocks": [],
                "v6_cidr_blocks": []
              },
              {
                "description": "Rule allows pod-pod and service-service communication inside a security group. Indicate your IP ranges.",
                "from_port": 0,
                "id": "enpfmajh72qm5kpjmkjs",
                "labels": {},
                "port": -1,
                "predefined_target": "",
                "protocol": "ANY",
                "security_group_id": "",
                "to_port": 65535,
                "v4_cidr_blocks": [
                  "172.17.0.0/16",
                  "172.18.0.0/16"
                ],
                "v6_cidr_blocks": []
              }
            ],
            "labels": {},
            "name": "k8s-security-main-0h3uvp3w",
            "network_id": "enpc088i7mdlm4ocijh6",
            "status": "ACTIVE",
            "timeouts": null
          },
          "sensitive_attributes": [],
          "private": "eyJlMmJmYjczMC1lY2FhLTExZTYtOGY4OC0zNDM2M2JjN2M0YzAiOnsiY3JlYXRlIjoxODAwMDAwMDAwMDAsImRlbGV0ZSI6MTgwMDAwMDAwMDAwLCJ1cGRhdGUiOjE4MDAwMDAwMDAwMH19",
          "dependencies": [
            "module.kube.data.yandex_client_config.client",
            "module.kube.random_string.unique_id"
          ]
        }
      ]
    },
    {
      "module": "module.kube",
      "mode": "managed",
      "type": "yandex_vpc_security_group",
      "name": "k8s_master_whitelist_sg",
      "provider": "provider[\"registry.terraform.io/yandex-cloud/yandex\"]",
      "instances": [
        {
          "index_key": 0,
          "schema_version": 0,
          "attributes": {
            "created_at": "2024-03-01T15:12:27Z",
            "description": "Allow access to Kubernetes API from internet.",
            "egress": [],
            "folder_id": "b1gob40s11qs9fivife8",
            "id": "enps75t0qeiludnuflib",
            "ingress": [
              {
                "description": "Allow access to Kubernetes API via port 443 from subnet.",
                "from_port": -1,
                "id": "enpa4eiun0ob57q2lpd1",
                "labels": {},
                "port": 443,
                "predefined_target": "",
                "protocol": "TCP",
                "security_group_id": "",
                "to_port": -1,
                "v4_cidr_blocks": [
                  "0.0.0.0/0"
                ],
                "v6_cidr_blocks": []
              },
              {
                "description": "Allow access to Kubernetes API via port 6443 from subnet.",
                "from_port": -1,
                "id": "enp2rpqih36fl36obq8p",
                "labels": {},
                "port": 6443,
                "predefined_target": "",
                "protocol": "TCP",
                "security_group_id": "",
                "to_port": -1,
                "v4_cidr_blocks": [
                  "0.0.0.0/0"
                ],
                "v6_cidr_blocks": []
              }
            ],
            "labels": {},
            "name": "k8s-master-whitelist-0h3uvp3w",
            "network_id": "enpc088i7mdlm4ocijh6",
            "status": "ACTIVE",
            "timeouts": null
          },
          "sensitive_attributes": [],
          "private": "eyJlMmJmYjczMC1lY2FhLTExZTYtOGY4OC0zNDM2M2JjN2M0YzAiOnsiY3JlYXRlIjoxODAwMDAwMDAwMDAsImRlbGV0ZSI6MTgwMDAwMDAwMDAwLCJ1cGRhdGUiOjE4MDAwMDAwMDAwMH19",
          "dependencies": [
            "module.kube.data.yandex_client_config.client",
            "module.kube.random_string.unique_id"
          ]
        }
      ]
    },
    {
      "module": "module.kube",
      "mode": "managed",
      "type": "yandex_vpc_security_group",
      "name": "k8s_nodes",
      "provider": "provider[\"registry.terraform.io/yandex-cloud/yandex\"]",
      "instances": [
        {
          "schema_version": 0,
          "attributes": {
            "created_at": "2024-03-01T15:12:25Z",
            "description": "Security group rules for node groups",
            "egress": [
              {
                "description": "Rule allows all outgoing traffic. Nodes can connect to Yandex Container Registry, Yandex Object Storage, Docker Hub, and so on.",
                "from_port": 0,
                "id": "enp9oiqhastetpqo7gkd",
                "labels": {},
                "port": -1,
                "predefined_target": "",
                "protocol": "ANY",
                "security_group_id": "",
                "to_port": 65535,
                "v4_cidr_blocks": [
                  "0.0.0.0/0"
                ],
                "v6_cidr_blocks": []
              }
            ],
            "folder_id": "b1gob40s11qs9fivife8",
            "id": "enp1lsd0nibu62kfra69",
            "ingress": [
              {
                "description": "Allow access to worker nodes via SSH from IP's.",
                "from_port": -1,
                "id": "enphmr0914u4ifh9g0k4",
                "labels": {},
                "port": 22,
                "predefined_target": "",
                "protocol": "TCP",
                "security_group_id": "",
                "to_port": -1,
                "v4_cidr_blocks": [
                  "0.0.0.0/0"
                ],
                "v6_cidr_blocks": []
              },
              {
                "description": "Rule allows incoming traffic from the Internet to the NodePort port range. Add ports or change existing ones to the required ports.",
                "from_port": 30000,
                "id": "enpak9knudarnss6aome",
                "labels": {},
                "port": -1,
                "predefined_target": "",
                "protocol": "TCP",
                "security_group_id": "",
                "to_port": 32767,
                "v4_cidr_blocks": [
                  "0.0.0.0/0"
                ],
                "v6_cidr_blocks": []
              }
            ],
            "labels": {},
            "name": "k8s-nodes-0h3uvp3w",
            "network_id": "enpc088i7mdlm4ocijh6",
            "status": "ACTIVE",
            "timeouts": null
          },
          "sensitive_attributes": [],
          "private": "eyJlMmJmYjczMC1lY2FhLTExZTYtOGY4OC0zNDM2M2JjN2M0YzAiOnsiY3JlYXRlIjoxODAwMDAwMDAwMDAsImRlbGV0ZSI6MTgwMDAwMDAwMDAwLCJ1cGRhdGUiOjE4MDAwMDAwMDAwMH19",
          "dependencies": [
            "module.kube.data.yandex_client_config.client",
            "module.kube.random_string.unique_id"
          ]
        }
      ]
    },
    {
      "module": "module.kube",
      "mode": "managed",
      "type": "yandex_vpc_security_group_rule",
      "name": "k8s_node_ports",
      "provider": "provider[\"registry.terraform.io/yandex-cloud/yandex\"]",
      "instances": [
        {
          "index_key": 0,
          "schema_version": 0,
          "attributes": {
            "description": "Rule allows incoming traffic from the Internet to the NodePort port range. Add ports or change existing ones to the required ports.",
            "direction": "ingress",
            "from_port": 30000,
            "id": "enpak9knudarnss6aome",
            "labels": {},
            "port": -1,
            "predefined_target": "",
            "protocol": "TCP",
            "security_group_binding": "enp1lsd0nibu62kfra69",
            "security_group_id": "",
            "timeouts": null,
            "to_port": 32767,
            "v4_cidr_blocks": [
              "0.0.0.0/0"
            ],
            "v6_cidr_blocks": null
          },
          "sensitive_attributes": [],
          "private": "eyJlMmJmYjczMC1lY2FhLTExZTYtOGY4OC0zNDM2M2JjN2M0YzAiOnsiY3JlYXRlIjoxODAwMDAwMDAwMDAsImRlbGV0ZSI6MTgwMDAwMDAwMDAwLCJyZWFkIjoxODAwMDAwMDAwMDAsInVwZGF0ZSI6MTgwMDAwMDAwMDAwfX0=",
          "dependencies": [
            "module.kube.data.yandex_client_config.client",
            "module.kube.random_string.unique_id",
            "module.kube.yandex_vpc_security_group.k8s_nodes"
          ]
        }
      ]
    },
    {
      "module": "module.kube",
      "mode": "managed",
      "type": "yandex_vpc_security_group_rule",
      "name": "k8s_node_ssh_access_rule",
      "provider": "provider[\"registry.terraform.io/yandex-cloud/yandex\"]",
      "instances": [
        {
          "index_key": 0,
          "schema_version": 0,
          "attributes": {
            "description": "Allow access to worker nodes via SSH from IP's.",
            "direction": "ingress",
            "from_port": -1,
            "id": "enphmr0914u4ifh9g0k4",
            "labels": {},
            "port": 22,
            "predefined_target": "",
            "protocol": "TCP",
            "security_group_binding": "enp1lsd0nibu62kfra69",
            "security_group_id": "",
            "timeouts": null,
            "to_port": -1,
            "v4_cidr_blocks": [
              "0.0.0.0/0"
            ],
            "v6_cidr_blocks": null
          },
          "sensitive_attributes": [],
          "private": "eyJlMmJmYjczMC1lY2FhLTExZTYtOGY4OC0zNDM2M2JjN2M0YzAiOnsiY3JlYXRlIjoxODAwMDAwMDAwMDAsImRlbGV0ZSI6MTgwMDAwMDAwMDAwLCJyZWFkIjoxODAwMDAwMDAwMDAsInVwZGF0ZSI6MTgwMDAwMDAwMDAwfX0=",
          "dependencies": [
            "module.kube.data.yandex_client_config.client",
            "module.kube.random_string.unique_id",
            "module.kube.yandex_vpc_security_group.k8s_nodes"
          ]
        }
      ]
    },
    {
      "module": "module.kube",
      "mode": "managed",
      "type": "yandex_vpc_security_group_rule",
      "name": "k8s_outgoing_traffic",
      "provider": "provider[\"registry.terraform.io/yandex-cloud/yandex\"]",
      "instances": [
        {
          "index_key": 0,
          "schema_version": 0,
          "attributes": {
            "description": "Rule allows all outgoing traffic. Nodes can connect to Yandex Container Registry, Yandex Object Storage, Docker Hub, and so on.",
            "direction": "egress",
            "from_port": 0,
            "id": "enp9oiqhastetpqo7gkd",
            "labels": {},
            "port": -1,
            "predefined_target": "",
            "protocol": "ANY",
            "security_group_binding": "enp1lsd0nibu62kfra69",
            "security_group_id": "",
            "timeouts": null,
            "to_port": 65535,
            "v4_cidr_blocks": [
              "0.0.0.0/0"
            ],
            "v6_cidr_blocks": null
          },
          "sensitive_attributes": [],
          "private": "eyJlMmJmYjczMC1lY2FhLTExZTYtOGY4OC0zNDM2M2JjN2M0YzAiOnsiY3JlYXRlIjoxODAwMDAwMDAwMDAsImRlbGV0ZSI6MTgwMDAwMDAwMDAwLCJyZWFkIjoxODAwMDAwMDAwMDAsInVwZGF0ZSI6MTgwMDAwMDAwMDAwfX0=",
          "dependencies": [
            "module.kube.data.yandex_client_config.client",
            "module.kube.random_string.unique_id",
            "module.kube.yandex_vpc_security_group.k8s_nodes"
          ]
        }
      ]
    }
  ],
  "check_results": [
    {
      "object_kind": "var",
      "config_addr": "module.kube.var.release_channel",
      "status": "unknown",
      "objects": [
        {
          "object_addr": "module.kube.var.release_channel",
          "status": "unknown"
        }
      ]
    },
    {
      "object_kind": "var",
      "config_addr": "module.kube.var.network_acceleration_type",
      "status": "unknown",
      "objects": [
        {
          "object_addr": "module.kube.var.network_acceleration_type",
          "status": "unknown"
        }
      ]
    },
    {
      "object_kind": "var",
      "config_addr": "module.kube.var.container_runtime_type",
      "status": "unknown",
      "objects": [
        {
          "object_addr": "module.kube.var.container_runtime_type",
          "status": "unknown"
        }
      ]
    },
    {
      "object_kind": "var",
      "config_addr": "module.kube.var.master_locations",
      "status": "unknown",
      "objects": [
        {
          "object_addr": "module.kube.var.master_locations",
          "status": "unknown"
        }
      ]
    }
  ]
}
